
Microsoft Visual Studio Solution File, Format Version 12.00
# Visual Studio Version 16
VisualStudioVersion = 16.0.29806.167
MinimumVisualStudioVersion = 10.0.40219.1
Project("{9A19103F-16F7-4668-BE54-9A1E7A4F7556}") = "LMS", "LMS\LMS.csproj", "{6C33EEF9-1BA7-4DF1-B89D-7F9909F4AB84}"
EndProject
Project("{9A19103F-16F7-4668-BE54-9A1E7A4F7556}") = "LMS.BusinessLogics", "LMS.BusinessLogics\LMS.BusinessLogics.csproj", "{E9FCA895-E94A-4311-997B-0F758E632292}"
EndProject
Project("{9A19103F-16F7-4668-BE54-9A1E7A4F7556}") = "LMS.Database", "LMS.Database\LMS.Database.csproj", "{45558B2F-39CE-4143-80A3-0088EB0985D6}"
EndProject
Project("{9A19103F-16F7-4668-BE54-9A1E7A4F7556}") = "LMS.Domain", "LMS.Domain\LMS.Domain.csproj", "{B79FB6DC-F944-4E94-AE80-4C3D6FA1178B}"
EndProject
Global
	GlobalSection(SolutionConfigurationPlatforms) = preSolution
		Debug|Any CPU = Debug|Any CPU
		Release|Any CPU = Release|Any CPU
	EndGlobalSection
	GlobalSection(ProjectConfigurationPlatforms) = postSolution
		{6C33EEF9-1BA7-4DF1-B89D-7F9909F4AB84}.Debug|Any CPU.ActiveCfg = Debug|Any CPU
		{6C33EEF9-1BA7-4DF1-B89D-7F9909F4AB84}.Debug|Any CPU.Build.0 = Debug|Any CPU
		{6C33EEF9-1BA7-4DF1-B89D-7F9909F4AB84}.Release|Any CPU.ActiveCfg = Release|Any CPU
		{6C33EEF9-1BA7-4DF1-B89D-7F9909F4AB84}.Release|Any CPU.Build.0 = Release|Any CPU
		{E9FCA895-E94A-4311-997B-0F758E632292}.Debug|Any CPU.ActiveCfg = Debug|Any CPU
		{E9FCA895-E94A-4311-997B-0F758E632292}.Debug|Any CPU.Build.0 = Debug|Any CPU
		{E9FCA895-E94A-4311-997B-0F758E632292}.Release|Any CPU.ActiveCfg = Release|Any CPU
		{E9FCA895-E94A-4311-997B-0F758E632292}.Release|Any CPU.Build.0 = Release|Any CPU
		{45558B2F-39CE-4143-80A3-0088EB0985D6}.Debug|Any CPU.ActiveCfg = Debug|Any CPU
		{45558B2F-39CE-4143-80A3-0088EB0985D6}.Debug|Any CPU.Build.0 = Debug|Any CPU
		{45558B2F-39CE-4143-80A3-0088EB0985D6}.Release|Any CPU.ActiveCfg = Release|Any CPU
		{45558B2F-39CE-4143-80A3-0088EB0985D6}.Release|Any CPU.Build.0 = Release|Any CPU
		{B79FB6DC-F944-4E94-AE80-4C3D6FA1178B}.Debug|Any CPU.ActiveCfg = Debug|Any CPU
		{B79FB6DC-F944-4E94-AE80-4C3D6FA1178B}.Debug|Any CPU.Build.0 = Debug|Any CPU
		{B79FB6DC-F944-4E94-AE80-4C3D6FA1178B}.Release|Any CPU.ActiveCfg = Release|Any CPU
		{B79FB6DC-F944-4E94-AE80-4C3D6FA1178B}.Release|Any CPU.Build.0 = Release|Any CPU
	EndGlobalSection
	GlobalSection(SolutionProperties) = preSolution
		HideSolutionNode = FALSE
	EndGlobalSection
	GlobalSection(ExtensibilityGlobals) = postSolution
		SolutionGuid = {A3C8B2FE-F939-4B3B-B943-99B5EC9F6494}
	EndGlobalSection
EndGlobal
